// !$*UTF8*$!
{
	archiveVersion = 1;
	classes = {
	};
	objectVersion = 55;
	objects = {

/* Begin PBXBuildFile section */
		07459C182793344A00380AA0 /* HistoryViewController.swift in Sources */ = {isa = PBXBuildFile; fileRef = 07459C172793344A00380AA0 /* HistoryViewController.swift */; };
		07459C1A2793345500380AA0 /* CameraViewController.swift in Sources */ = {isa = PBXBuildFile; fileRef = 07459C192793345500380AA0 /* CameraViewController.swift */; };
		07459C1C2793345E00380AA0 /* InfoViewController.swift in Sources */ = {isa = PBXBuildFile; fileRef = 07459C1B2793345E00380AA0 /* InfoViewController.swift */; };
		07459C1F2793819D00380AA0 /* Constants.swift in Sources */ = {isa = PBXBuildFile; fileRef = 07459C1E2793819D00380AA0 /* Constants.swift */; };
		07459C23279390AE00380AA0 /* CustomTableViewCell.swift in Sources */ = {isa = PBXBuildFile; fileRef = 07459C22279390AE00380AA0 /* CustomTableViewCell.swift */; };
		4B7617F6AA3AAEFF7ECBF5F4 /* libPods-RecycPal.a in Frameworks */ = {isa = PBXBuildFile; fileRef = 96F0BD82DE49E181002A70BB /* libPods-RecycPal.a */; };
		4C18B46D2792906C00363F98 /* AppDelegate.swift in Sources */ = {isa = PBXBuildFile; fileRef = 4C18B46C2792906C00363F98 /* AppDelegate.swift */; };
		4C18B4712792906C00363F98 /* HomeTabViewController.swift in Sources */ = {isa = PBXBuildFile; fileRef = 4C18B4702792906C00363F98 /* HomeTabViewController.swift */; };
		4C18B4762792906D00363F98 /* Assets.xcassets in Resources */ = {isa = PBXBuildFile; fileRef = 4C18B4752792906D00363F98 /* Assets.xcassets */; };
		4C18B4792792906D00363F98 /* LaunchScreen.storyboard in Resources */ = {isa = PBXBuildFile; fileRef = 4C18B4772792906D00363F98 /* LaunchScreen.storyboard */; };
		4C18B4842792906E00363F98 /* RecycPalTests.swift in Sources */ = {isa = PBXBuildFile; fileRef = 4C18B4832792906E00363F98 /* RecycPalTests.swift */; };
		4C18B48E2792906E00363F98 /* RecycPalUITests.swift in Sources */ = {isa = PBXBuildFile; fileRef = 4C18B48D2792906E00363F98 /* RecycPalUITests.swift */; };
		4C18B4902792906E00363F98 /* RecycPalUITestsLaunchTests.swift in Sources */ = {isa = PBXBuildFile; fileRef = 4C18B48F2792906E00363F98 /* RecycPalUITestsLaunchTests.swift */; };
/* End PBXBuildFile section */

/* Begin PBXContainerItemProxy section */
		4C18B4802792906E00363F98 /* PBXContainerItemProxy */ = {
			isa = PBXContainerItemProxy;
			containerPortal = 4C18B4612792906C00363F98 /* Project object */;
			proxyType = 1;
			remoteGlobalIDString = 4C18B4682792906C00363F98;
			remoteInfo = RecycPal;
		};
		4C18B48A2792906E00363F98 /* PBXContainerItemProxy */ = {
			isa = PBXContainerItemProxy;
			containerPortal = 4C18B4612792906C00363F98 /* Project object */;
			proxyType = 1;
			remoteGlobalIDString = 4C18B4682792906C00363F98;
			remoteInfo = RecycPal;
		};
/* End PBXContainerItemProxy section */

/* Begin PBXFileReference section */
		07459C172793344A00380AA0 /* HistoryViewController.swift */ = {isa = PBXFileReference; lastKnownFileType = sourcecode.swift; path = HistoryViewController.swift; sourceTree = "<group>"; };
		07459C192793345500380AA0 /* CameraViewController.swift */ = {isa = PBXFileReference; lastKnownFileType = sourcecode.swift; path = CameraViewController.swift; sourceTree = "<group>"; };
		07459C1B2793345E00380AA0 /* InfoViewController.swift */ = {isa = PBXFileReference; lastKnownFileType = sourcecode.swift; path = InfoViewController.swift; sourceTree = "<group>"; };
		07459C1E2793819D00380AA0 /* Constants.swift */ = {isa = PBXFileReference; lastKnownFileType = sourcecode.swift; path = Constants.swift; sourceTree = "<group>"; };
		07459C22279390AE00380AA0 /* CustomTableViewCell.swift */ = {isa = PBXFileReference; lastKnownFileType = sourcecode.swift; path = CustomTableViewCell.swift; sourceTree = "<group>"; };
		0EA1128FDC7BF6F33FABC2BE /* Pods-RecycPal.debug.xcconfig */ = {isa = PBXFileReference; includeInIndex = 1; lastKnownFileType = text.xcconfig; name = "Pods-RecycPal.debug.xcconfig"; path = "Target Support Files/Pods-RecycPal/Pods-RecycPal.debug.xcconfig"; sourceTree = "<group>"; };
		31BD37FD20C04AB77B66D3C6 /* Pods-RecycPal.release.xcconfig */ = {isa = PBXFileReference; includeInIndex = 1; lastKnownFileType = text.xcconfig; name = "Pods-RecycPal.release.xcconfig"; path = "Target Support Files/Pods-RecycPal/Pods-RecycPal.release.xcconfig"; sourceTree = "<group>"; };
		4C18B4692792906C00363F98 /* RecycPal.app */ = {isa = PBXFileReference; explicitFileType = wrapper.application; includeInIndex = 0; path = RecycPal.app; sourceTree = BUILT_PRODUCTS_DIR; };
		4C18B46C2792906C00363F98 /* AppDelegate.swift */ = {isa = PBXFileReference; lastKnownFileType = sourcecode.swift; path = AppDelegate.swift; sourceTree = "<group>"; };
		4C18B4702792906C00363F98 /* HomeTabViewController.swift */ = {isa = PBXFileReference; lastKnownFileType = sourcecode.swift; path = HomeTabViewController.swift; sourceTree = "<group>"; };
		4C18B4752792906D00363F98 /* Assets.xcassets */ = {isa = PBXFileReference; lastKnownFileType = folder.assetcatalog; path = Assets.xcassets; sourceTree = "<group>"; };
		4C18B4782792906D00363F98 /* Base */ = {isa = PBXFileReference; lastKnownFileType = file.storyboard; name = Base; path = Base.lproj/LaunchScreen.storyboard; sourceTree = "<group>"; };
		4C18B47A2792906D00363F98 /* Info.plist */ = {isa = PBXFileReference; lastKnownFileType = text.plist.xml; path = Info.plist; sourceTree = "<group>"; };
		4C18B47F2792906E00363F98 /* RecycPalTests.xctest */ = {isa = PBXFileReference; explicitFileType = wrapper.cfbundle; includeInIndex = 0; path = RecycPalTests.xctest; sourceTree = BUILT_PRODUCTS_DIR; };
		4C18B4832792906E00363F98 /* RecycPalTests.swift */ = {isa = PBXFileReference; lastKnownFileType = sourcecode.swift; path = RecycPalTests.swift; sourceTree = "<group>"; };
		4C18B4892792906E00363F98 /* RecycPalUITests.xctest */ = {isa = PBXFileReference; explicitFileType = wrapper.cfbundle; includeInIndex = 0; path = RecycPalUITests.xctest; sourceTree = BUILT_PRODUCTS_DIR; };
		4C18B48D2792906E00363F98 /* RecycPalUITests.swift */ = {isa = PBXFileReference; lastKnownFileType = sourcecode.swift; path = RecycPalUITests.swift; sourceTree = "<group>"; };
		4C18B48F2792906E00363F98 /* RecycPalUITestsLaunchTests.swift */ = {isa = PBXFileReference; lastKnownFileType = sourcecode.swift; path = RecycPalUITestsLaunchTests.swift; sourceTree = "<group>"; };
		96F0BD82DE49E181002A70BB /* libPods-RecycPal.a */ = {isa = PBXFileReference; explicitFileType = archive.ar; includeInIndex = 0; path = "libPods-RecycPal.a"; sourceTree = BUILT_PRODUCTS_DIR; };
/* End PBXFileReference section */

/* Begin PBXFrameworksBuildPhase section */
		4C18B4662792906C00363F98 /* Frameworks */ = {
			isa = PBXFrameworksBuildPhase;
			buildActionMask = 2147483647;
			files = (
				4B7617F6AA3AAEFF7ECBF5F4 /* libPods-RecycPal.a in Frameworks */,
			);
			runOnlyForDeploymentPostprocessing = 0;
		};
		4C18B47C2792906E00363F98 /* Frameworks */ = {
			isa = PBXFrameworksBuildPhase;
			buildActionMask = 2147483647;
			files = (
			);
			runOnlyForDeploymentPostprocessing = 0;
		};
		4C18B4862792906E00363F98 /* Frameworks */ = {
			isa = PBXFrameworksBuildPhase;
			buildActionMask = 2147483647;
			files = (
			);
			runOnlyForDeploymentPostprocessing = 0;
		};
/* End PBXFrameworksBuildPhase section */

/* Begin PBXGroup section */
		07459C162793342D00380AA0 /* ViewControllers */ = {
			isa = PBXGroup;
			children = (
				07459C172793344A00380AA0 /* HistoryViewController.swift */,
				07459C192793345500380AA0 /* CameraViewController.swift */,
				07459C1B2793345E00380AA0 /* InfoViewController.swift */,
			);
			path = ViewControllers;
			sourceTree = "<group>";
		};
		07459C1D2793817100380AA0 /* Utilities */ = {
			isa = PBXGroup;
			children = (
				07459C1E2793819D00380AA0 /* Constants.swift */,
			);
			path = Utilities;
			sourceTree = "<group>";
		};
		07459C2027938FFE00380AA0 /* Views */ = {
			isa = PBXGroup;
			children = (
				07459C212793900500380AA0 /* Cells */,
			);
			path = Views;
			sourceTree = "<group>";
		};
		07459C212793900500380AA0 /* Cells */ = {
			isa = PBXGroup;
			children = (
				07459C22279390AE00380AA0 /* CustomTableViewCell.swift */,
			);
			path = Cells;
			sourceTree = "<group>";
		};
		4C18B4602792906C00363F98 = {
			isa = PBXGroup;
			children = (
				4C18B46B2792906C00363F98 /* RecycPal */,
				4C18B4822792906E00363F98 /* RecycPalTests */,
				4C18B48C2792906E00363F98 /* RecycPalUITests */,
				4C18B46A2792906C00363F98 /* Products */,
				4E839EF1F2178329AEE7E8DB /* Pods */,
				BA0BEEAA1543ED97ED1E4571 /* Frameworks */,
			);
			sourceTree = "<group>";
		};
		4C18B46A2792906C00363F98 /* Products */ = {
			isa = PBXGroup;
			children = (
				4C18B4692792906C00363F98 /* RecycPal.app */,
				4C18B47F2792906E00363F98 /* RecycPalTests.xctest */,
				4C18B4892792906E00363F98 /* RecycPalUITests.xctest */,
			);
			name = Products;
			sourceTree = "<group>";
		};
		4C18B46B2792906C00363F98 /* RecycPal */ = {
			isa = PBXGroup;
			children = (
				07459C2027938FFE00380AA0 /* Views */,
				07459C1D2793817100380AA0 /* Utilities */,
				07459C162793342D00380AA0 /* ViewControllers */,
				4C18B46C2792906C00363F98 /* AppDelegate.swift */,
				4C18B4702792906C00363F98 /* HomeTabViewController.swift */,
				4C18B4752792906D00363F98 /* Assets.xcassets */,
				4C18B4772792906D00363F98 /* LaunchScreen.storyboard */,
				4C18B47A2792906D00363F98 /* Info.plist */,
			);
			path = RecycPal;
			sourceTree = "<group>";
		};
		4C18B4822792906E00363F98 /* RecycPalTests */ = {
			isa = PBXGroup;
			children = (
				4C18B4832792906E00363F98 /* RecycPalTests.swift */,
			);
			path = RecycPalTests;
			sourceTree = "<group>";
		};
		4C18B48C2792906E00363F98 /* RecycPalUITests */ = {
			isa = PBXGroup;
			children = (
				4C18B48D2792906E00363F98 /* RecycPalUITests.swift */,
				4C18B48F2792906E00363F98 /* RecycPalUITestsLaunchTests.swift */,
			);
			path = RecycPalUITests;
			sourceTree = "<group>";
		};
		4E839EF1F2178329AEE7E8DB /* Pods */ = {
			isa = PBXGroup;
			children = (
				0EA1128FDC7BF6F33FABC2BE /* Pods-RecycPal.debug.xcconfig */,
				31BD37FD20C04AB77B66D3C6 /* Pods-RecycPal.release.xcconfig */,
			);
			path = Pods;
			sourceTree = "<group>";
		};
		BA0BEEAA1543ED97ED1E4571 /* Frameworks */ = {
			isa = PBXGroup;
			children = (
				96F0BD82DE49E181002A70BB /* libPods-RecycPal.a */,
			);
			name = Frameworks;
			sourceTree = "<group>";
		};
/* End PBXGroup section */

/* Begin PBXNativeTarget section */
		4C18B4682792906C00363F98 /* RecycPal */ = {
			isa = PBXNativeTarget;
			buildConfigurationList = 4C18B4932792906E00363F98 /* Build configuration list for PBXNativeTarget "RecycPal" */;
			buildPhases = (
				5EA42C488AD3CC0F90CC457D /* [CP] Check Pods Manifest.lock */,
				4C18B4652792906C00363F98 /* Sources */,
				4C18B4662792906C00363F98 /* Frameworks */,
				4C18B4672792906C00363F98 /* Resources */,
			);
			buildRules = (
			);
			dependencies = (
			);
			name = RecycPal;
			productName = RecycPal;
			productReference = 4C18B4692792906C00363F98 /* RecycPal.app */;
			productType = "com.apple.product-type.application";
		};
		4C18B47E2792906E00363F98 /* RecycPalTests */ = {
			isa = PBXNativeTarget;
			buildConfigurationList = 4C18B4962792906E00363F98 /* Build configuration list for PBXNativeTarget "RecycPalTests" */;
			buildPhases = (
				4C18B47B2792906E00363F98 /* Sources */,
				4C18B47C2792906E00363F98 /* Frameworks */,
				4C18B47D2792906E00363F98 /* Resources */,
			);
			buildRules = (
			);
			dependencies = (
				4C18B4812792906E00363F98 /* PBXTargetDependency */,
			);
			name = RecycPalTests;
			productName = RecycPalTests;
			productReference = 4C18B47F2792906E00363F98 /* RecycPalTests.xctest */;
			productType = "com.apple.product-type.bundle.unit-test";
		};
		4C18B4882792906E00363F98 /* RecycPalUITests */ = {
			isa = PBXNativeTarget;
			buildConfigurationList = 4C18B4992792906E00363F98 /* Build configuration list for PBXNativeTarget "RecycPalUITests" */;
			buildPhases = (
				4C18B4852792906E00363F98 /* Sources */,
				4C18B4862792906E00363F98 /* Frameworks */,
				4C18B4872792906E00363F98 /* Resources */,
			);
			buildRules = (
			);
			dependencies = (
				4C18B48B2792906E00363F98 /* PBXTargetDependency */,
			);
			name = RecycPalUITests;
			productName = RecycPalUITests;
			productReference = 4C18B4892792906E00363F98 /* RecycPalUITests.xctest */;
			productType = "com.apple.product-type.bundle.ui-testing";
		};
/* End PBXNativeTarget section */

/* Begin PBXProject section */
		4C18B4612792906C00363F98 /* Project object */ = {
			isa = PBXProject;
			attributes = {
				BuildIndependentTargetsInParallel = 1;
				LastSwiftUpdateCheck = 1310;
				LastUpgradeCheck = 1310;
				TargetAttributes = {
					4C18B4682792906C00363F98 = {
						CreatedOnToolsVersion = 13.1;
						LastSwiftMigration = 1310;
					};
					4C18B47E2792906E00363F98 = {
						CreatedOnToolsVersion = 13.1;
						TestTargetID = 4C18B4682792906C00363F98;
					};
					4C18B4882792906E00363F98 = {
						CreatedOnToolsVersion = 13.1;
						TestTargetID = 4C18B4682792906C00363F98;
					};
				};
			};
			buildConfigurationList = 4C18B4642792906C00363F98 /* Build configuration list for PBXProject "RecycPal" */;
			compatibilityVersion = "Xcode 13.0";
			developmentRegion = en;
			hasScannedForEncodings = 0;
			knownRegions = (
				en,
				Base,
			);
			mainGroup = 4C18B4602792906C00363F98;
			productRefGroup = 4C18B46A2792906C00363F98 /* Products */;
			projectDirPath = "";
			projectRoot = "";
			targets = (
				4C18B4682792906C00363F98 /* RecycPal */,
				4C18B47E2792906E00363F98 /* RecycPalTests */,
				4C18B4882792906E00363F98 /* RecycPalUITests */,
			);
		};
/* End PBXProject section */

/* Begin PBXResourcesBuildPhase section */
		4C18B4672792906C00363F98 /* Resources */ = {
			isa = PBXResourcesBuildPhase;
			buildActionMask = 2147483647;
			files = (
				4C18B4792792906D00363F98 /* LaunchScreen.storyboard in Resources */,
				4C18B4762792906D00363F98 /* Assets.xcassets in Resources */,
			);
			runOnlyForDeploymentPostprocessing = 0;
		};
		4C18B47D2792906E00363F98 /* Resources */ = {
			isa = PBXResourcesBuildPhase;
			buildActionMask = 2147483647;
			files = (
			);
			runOnlyForDeploymentPostprocessing = 0;
		};
		4C18B4872792906E00363F98 /* Resources */ = {
			isa = PBXResourcesBuildPhase;
			buildActionMask = 2147483647;
			files = (
			);
			runOnlyForDeploymentPostprocessing = 0;
		};
/* End PBXResourcesBuildPhase section */

/* Begin PBXShellScriptBuildPhase section */
		5EA42C488AD3CC0F90CC457D /* [CP] Check Pods Manifest.lock */ = {
			isa = PBXShellScriptBuildPhase;
			buildActionMask = 2147483647;
			files = (
			);
			inputFileListPaths = (
			);
			inputPaths = (
				"${PODS_PODFILE_DIR_PATH}/Podfile.lock",
				"${PODS_ROOT}/Manifest.lock",
			);
			name = "[CP] Check Pods Manifest.lock";
			outputFileListPaths = (
			);
			outputPaths = (
				"$(DERIVED_FILE_DIR)/Pods-RecycPal-checkManifestLockResult.txt",
			);
			runOnlyForDeploymentPostprocessing = 0;
			shellPath = /bin/sh;
			shellScript = "diff \"${PODS_PODFILE_DIR_PATH}/Podfile.lock\" \"${PODS_ROOT}/Manifest.lock\" > /dev/null\nif [ $? != 0 ] ; then\n    # print error to STDERR\n    echo \"error: The sandbox is not in sync with the Podfile.lock. Run 'pod install' or update your CocoaPods installation.\" >&2\n    exit 1\nfi\n# This output is used by Xcode 'outputs' to avoid re-running this script phase.\necho \"SUCCESS\" > \"${SCRIPT_OUTPUT_FILE_0}\"\n";
			showEnvVarsInLog = 0;
		};
/* End PBXShellScriptBuildPhase section */

/* Begin PBXSourcesBuildPhase section */
		4C18B4652792906C00363F98 /* Sources */ = {
			isa = PBXSourcesBuildPhase;
			buildActionMask = 2147483647;
			files = (
				4C18B4712792906C00363F98 /* HomeTabViewController.swift in Sources */,
				07459C1A2793345500380AA0 /* CameraViewController.swift in Sources */,
				4C18B46D2792906C00363F98 /* AppDelegate.swift in Sources */,
				07459C23279390AE00380AA0 /* CustomTableViewCell.swift in Sources */,
				07459C1C2793345E00380AA0 /* InfoViewController.swift in Sources */,
				07459C182793344A00380AA0 /* HistoryViewController.swift in Sources */,
				07459C1F2793819D00380AA0 /* Constants.swift in Sources */,
			);
			runOnlyForDeploymentPostprocessing = 0;
		};
		4C18B47B2792906E00363F98 /* Sources */ = {
			isa = PBXSourcesBuildPhase;
			buildActionMask = 2147483647;
			files = (
				4C18B4842792906E00363F98 /* RecycPalTests.swift in Sources */,
			);
			runOnlyForDeploymentPostprocessing = 0;
		};
		4C18B4852792906E00363F98 /* Sources */ = {
			isa = PBXSourcesBuildPhase;
			buildActionMask = 2147483647;
			files = (
				4C18B4902792906E00363F98 /* RecycPalUITestsLaunchTests.swift in Sources */,
				4C18B48E2792906E00363F98 /* RecycPalUITests.swift in Sources */,
			);
			runOnlyForDeploymentPostprocessing = 0;
		};
/* End PBXSourcesBuildPhase section */

/* Begin PBXTargetDependency section */
		4C18B4812792906E00363F98 /* PBXTargetDependency */ = {
			isa = PBXTargetDependency;
			target = 4C18B4682792906C00363F98 /* RecycPal */;
			targetProxy = 4C18B4802792906E00363F98 /* PBXContainerItemProxy */;
		};
		4C18B48B2792906E00363F98 /* PBXTargetDependency */ = {
			isa = PBXTargetDependency;
			target = 4C18B4682792906C00363F98 /* RecycPal */;
			targetProxy = 4C18B48A2792906E00363F98 /* PBXContainerItemProxy */;
		};
/* End PBXTargetDependency section */

/* Begin PBXVariantGroup section */
		4C18B4772792906D00363F98 /* LaunchScreen.storyboard */ = {
			isa = PBXVariantGroup;
			children = (
				4C18B4782792906D00363F98 /* Base */,
			);
			name = LaunchScreen.storyboard;
			sourceTree = "<group>";
		};
/* End PBXVariantGroup section */

/* Begin XCBuildConfiguration section */
		4C18B4912792906E00363F98 /* Debug */ = {
			isa = XCBuildConfiguration;
			buildSettings = {
				ALWAYS_SEARCH_USER_PATHS = NO;
				CLANG_ANALYZER_NONNULL = YES;
				CLANG_ANALYZER_NUMBER_OBJECT_CONVERSION = YES_AGGRESSIVE;
				CLANG_CXX_LANGUAGE_STANDARD = "gnu++17";
				CLANG_CXX_LIBRARY = "libc++";
				CLANG_ENABLE_MODULES = YES;
				CLANG_ENABLE_OBJC_ARC = YES;
				CLANG_ENABLE_OBJC_WEAK = YES;
				CLANG_WARN_BLOCK_CAPTURE_AUTORELEASING = YES;
				CLANG_WARN_BOOL_CONVERSION = YES;
				CLANG_WARN_COMMA = YES;
				CLANG_WARN_CONSTANT_CONVERSION = YES;
				CLANG_WARN_DEPRECATED_OBJC_IMPLEMENTATIONS = YES;
				CLANG_WARN_DIRECT_OBJC_ISA_USAGE = YES_ERROR;
				CLANG_WARN_DOCUMENTATION_COMMENTS = YES;
				CLANG_WARN_EMPTY_BODY = YES;
				CLANG_WARN_ENUM_CONVERSION = YES;
				CLANG_WARN_INFINITE_RECURSION = YES;
				CLANG_WARN_INT_CONVERSION = YES;
				CLANG_WARN_NON_LITERAL_NULL_CONVERSION = YES;
				CLANG_WARN_OBJC_IMPLICIT_RETAIN_SELF = YES;
				CLANG_WARN_OBJC_LITERAL_CONVERSION = YES;
				CLANG_WARN_OBJC_ROOT_CLASS = YES_ERROR;
				CLANG_WARN_QUOTED_INCLUDE_IN_FRAMEWORK_HEADER = YES;
				CLANG_WARN_RANGE_LOOP_ANALYSIS = YES;
				CLANG_WARN_STRICT_PROTOTYPES = YES;
				CLANG_WARN_SUSPICIOUS_MOVE = YES;
				CLANG_WARN_UNGUARDED_AVAILABILITY = YES_AGGRESSIVE;
				CLANG_WARN_UNREACHABLE_CODE = YES;
				CLANG_WARN__DUPLICATE_METHOD_MATCH = YES;
				COPY_PHASE_STRIP = NO;
				DEBUG_INFORMATION_FORMAT = dwarf;
				ENABLE_STRICT_OBJC_MSGSEND = YES;
				ENABLE_TESTABILITY = YES;
				GCC_C_LANGUAGE_STANDARD = gnu11;
				GCC_DYNAMIC_NO_PIC = NO;
				GCC_NO_COMMON_BLOCKS = YES;
				GCC_OPTIMIZATION_LEVEL = 0;
				GCC_PREPROCESSOR_DEFINITIONS = (
					"DEBUG=1",
					"$(inherited)",
				);
				GCC_WARN_64_TO_32_BIT_CONVERSION = YES;
				GCC_WARN_ABOUT_RETURN_TYPE = YES_ERROR;
				GCC_WARN_UNDECLARED_SELECTOR = YES;
				GCC_WARN_UNINITIALIZED_AUTOS = YES_AGGRESSIVE;
				GCC_WARN_UNUSED_FUNCTION = YES;
				GCC_WARN_UNUSED_VARIABLE = YES;
				IPHONEOS_DEPLOYMENT_TARGET = 15.0;
				MTL_ENABLE_DEBUG_INFO = INCLUDE_SOURCE;
				MTL_FAST_MATH = YES;
				ONLY_ACTIVE_ARCH = YES;
				SDKROOT = iphoneos;
				SWIFT_ACTIVE_COMPILATION_CONDITIONS = DEBUG;
				SWIFT_OPTIMIZATION_LEVEL = "-Onone";
			};
			name = Debug;
		};
		4C18B4922792906E00363F98 /* Release */ = {
			isa = XCBuildConfiguration;
			buildSettings = {
				ALWAYS_SEARCH_USER_PATHS = NO;
				CLANG_ANALYZER_NONNULL = YES;
				CLANG_ANALYZER_NUMBER_OBJECT_CONVERSION = YES_AGGRESSIVE;
				CLANG_CXX_LANGUAGE_STANDARD = "gnu++17";
				CLANG_CXX_LIBRARY = "libc++";
				CLANG_ENABLE_MODULES = YES;
				CLANG_ENABLE_OBJC_ARC = YES;
				CLANG_ENABLE_OBJC_WEAK = YES;
				CLANG_WARN_BLOCK_CAPTURE_AUTORELEASING = YES;
				CLANG_WARN_BOOL_CONVERSION = YES;
				CLANG_WARN_COMMA = YES;
				CLANG_WARN_CONSTANT_CONVERSION = YES;
				CLANG_WARN_DEPRECATED_OBJC_IMPLEMENTATIONS = YES;
				CLANG_WARN_DIRECT_OBJC_ISA_USAGE = YES_ERROR;
				CLANG_WARN_DOCUMENTATION_COMMENTS = YES;
				CLANG_WARN_EMPTY_BODY = YES;
				CLANG_WARN_ENUM_CONVERSION = YES;
				CLANG_WARN_INFINITE_RECURSION = YES;
				CLANG_WARN_INT_CONVERSION = YES;
				CLANG_WARN_NON_LITERAL_NULL_CONVERSION = YES;
				CLANG_WARN_OBJC_IMPLICIT_RETAIN_SELF = YES;
				CLANG_WARN_OBJC_LITERAL_CONVERSION = YES;
				CLANG_WARN_OBJC_ROOT_CLASS = YES_ERROR;
				CLANG_WARN_QUOTED_INCLUDE_IN_FRAMEWORK_HEADER = YES;
				CLANG_WARN_RANGE_LOOP_ANALYSIS = YES;
				CLANG_WARN_STRICT_PROTOTYPES = YES;
				CLANG_WARN_SUSPICIOUS_MOVE = YES;
				CLANG_WARN_UNGUARDED_AVAILABILITY = YES_AGGRESSIVE;
				CLANG_WARN_UNREACHABLE_CODE = YES;
				CLANG_WARN__DUPLICATE_METHOD_MATCH = YES;
				COPY_PHASE_STRIP = NO;
				DEBUG_INFORMATION_FORMAT = "dwarf-with-dsym";
				ENABLE_NS_ASSERTIONS = NO;
				ENABLE_STRICT_OBJC_MSGSEND = YES;
				GCC_C_LANGUAGE_STANDARD = gnu11;
				GCC_NO_COMMON_BLOCKS = YES;
				GCC_WARN_64_TO_32_BIT_CONVERSION = YES;
				GCC_WARN_ABOUT_RETURN_TYPE = YES_ERROR;
				GCC_WARN_UNDECLARED_SELECTOR = YES;
				GCC_WARN_UNINITIALIZED_AUTOS = YES_AGGRESSIVE;
				GCC_WARN_UNUSED_FUNCTION = YES;
				GCC_WARN_UNUSED_VARIABLE = YES;
				IPHONEOS_DEPLOYMENT_TARGET = 15.0;
				MTL_ENABLE_DEBUG_INFO = NO;
				MTL_FAST_MATH = YES;
				SDKROOT = iphoneos;
				SWIFT_COMPILATION_MODE = wholemodule;
				SWIFT_OPTIMIZATION_LEVEL = "-O";
				VALIDATE_PRODUCT = YES;
			};
			name = Release;
		};
		4C18B4942792906E00363F98 /* Debug */ = {
			isa = XCBuildConfiguration;
			baseConfigurationReference = 0EA1128FDC7BF6F33FABC2BE /* Pods-RecycPal.debug.xcconfig */;
			buildSettings = {
				ASSETCATALOG_COMPILER_APPICON_NAME = AppIcon;
				ASSETCATALOG_COMPILER_GLOBAL_ACCENT_COLOR_NAME = AccentColor;
				CLANG_ENABLE_MODULES = YES;
				CODE_SIGN_STYLE = Automatic;
				CURRENT_PROJECT_VERSION = 1;
				DEVELOPMENT_TEAM = 2LG7N2H9LJ;
				GENERATE_INFOPLIST_FILE = YES;
				INFOPLIST_FILE = RecycPal/Info.plist;
				INFOPLIST_KEY_UIApplicationSupportsIndirectInputEvents = YES;
				INFOPLIST_KEY_UILaunchStoryboardName = LaunchScreen;
				INFOPLIST_KEY_UISupportedInterfaceOrientations_iPad = "UIInterfaceOrientationPortrait UIInterfaceOrientationPortraitUpsideDown UIInterfaceOrientationLandscapeLeft UIInterfaceOrientationLandscapeRight";
				INFOPLIST_KEY_UISupportedInterfaceOrientations_iPhone = "UIInterfaceOrientationPortrait UIInterfaceOrientationLandscapeLeft UIInterfaceOrientationLandscapeRight";
				LD_RUNPATH_SEARCH_PATHS = (
					"$(inherited)",
					"@executable_path/Frameworks",
				);
				MARKETING_VERSION = 1.0;
				PRODUCT_BUNDLE_IDENTIFIER = JKE.RecycPal.deltahacks;
				PRODUCT_NAME = "$(TARGET_NAME)";
				SWIFT_EMIT_LOC_STRINGS = YES;
				SWIFT_OPTIMIZATION_LEVEL = "-Onone";
				SWIFT_VERSION = 5.0;
				TARGETED_DEVICE_FAMILY = "1,2";
			};
			name = Debug;
		};
		4C18B4952792906E00363F98 /* Release */ = {
			isa = XCBuildConfiguration;
			baseConfigurationReference = 31BD37FD20C04AB77B66D3C6 /* Pods-RecycPal.release.xcconfig */;
			buildSettings = {
				ASSETCATALOG_COMPILER_APPICON_NAME = AppIcon;
				ASSETCATALOG_COMPILER_GLOBAL_ACCENT_COLOR_NAME = AccentColor;
				CLANG_ENABLE_MODULES = YES;
				CODE_SIGN_STYLE = Automatic;
				CURRENT_PROJECT_VERSION = 1;
				DEVELOPMENT_TEAM = 2LG7N2H9LJ;
				GENERATE_INFOPLIST_FILE = YES;
				INFOPLIST_FILE = RecycPal/Info.plist;
				INFOPLIST_KEY_UIApplicationSupportsIndirectInputEvents = YES;
				INFOPLIST_KEY_UILaunchStoryboardName = LaunchScreen;
				INFOPLIST_KEY_UISupportedInterfaceOrientations_iPad = "UIInterfaceOrientationPortrait UIInterfaceOrientationPortraitUpsideDown UIInterfaceOrientationLandscapeLeft UIInterfaceOrientationLandscapeRight";
				INFOPLIST_KEY_UISupportedInterfaceOrientations_iPhone = "UIInterfaceOrientationPortrait UIInterfaceOrientationLandscapeLeft UIInterfaceOrientationLandscapeRight";
				LD_RUNPATH_SEARCH_PATHS = (
					"$(inherited)",
					"@executable_path/Frameworks",
				);
				MARKETING_VERSION = 1.0;
				PRODUCT_BUNDLE_IDENTIFIER = JKE.RecycPal.deltahacks;
				PRODUCT_NAME = "$(TARGET_NAME)";
				SWIFT_EMIT_LOC_STRINGS = YES;
				SWIFT_VERSION = 5.0;
				TARGETED_DEVICE_FAMILY = "1,2";
			};
			name = Release;
		};
		4C18B4972792906E00363F98 /* Debug */ = {
			isa = XCBuildConfiguration;
			buildSettings = {
				ALWAYS_EMBED_SWIFT_STANDARD_LIBRARIES = YES;
				BUNDLE_LOADER = "$(TEST_HOST)";
				CODE_SIGN_STYLE = Automatic;
				CURRENT_PROJECT_VERSION = 1;
				DEVELOPMENT_TEAM = MAL3SH348L;
				GENERATE_INFOPLIST_FILE = YES;
				IPHONEOS_DEPLOYMENT_TARGET = 15.0;
				LD_RUNPATH_SEARCH_PATHS = (
					"$(inherited)",
					"@executable_path/Frameworks",
					"@loader_path/Frameworks",
				);
				MARKETING_VERSION = 1.0;
				PRODUCT_BUNDLE_IDENTIFIER = JKE.RecycPalTests;
				PRODUCT_NAME = "$(TARGET_NAME)";
				SWIFT_EMIT_LOC_STRINGS = NO;
				SWIFT_VERSION = 5.0;
				TARGETED_DEVICE_FAMILY = "1,2";
				TEST_HOST = "$(BUILT_PRODUCTS_DIR)/RecycPal.app/RecycPal";
			};
			name = Debug;
		};
		4C18B4982792906E00363F98 /* Release */ = {
			isa = XCBuildConfiguration;
			buildSettings = {
				ALWAYS_EMBED_SWIFT_STANDARD_LIBRARIES = YES;
				BUNDLE_LOADER = "$(TEST_HOST)";
				CODE_SIGN_STYLE = Automatic;
				CURRENT_PROJECT_VERSION = 1;
				DEVELOPMENT_TEAM = MAL3SH348L;
				GENERATE_INFOPLIST_FILE = YES;
				IPHONEOS_DEPLOYMENT_TARGET = 15.0;
				LD_RUNPATH_SEARCH_PATHS = (
					"$(inherited)",
					"@executable_path/Frameworks",
					"@loader_path/Frameworks",
				);
				MARKETING_VERSION = 1.0;
				PRODUCT_BUNDLE_IDENTIFIER = JKE.RecycPalTests;
				PRODUCT_NAME = "$(TARGET_NAME)";
				SWIFT_EMIT_LOC_STRINGS = NO;
				SWIFT_VERSION = 5.0;
				TARGETED_DEVICE_FAMILY = "1,2";
				TEST_HOST = "$(BUILT_PRODUCTS_DIR)/RecycPal.app/RecycPal";
			};
			name = Release;
		};
		4C18B49A2792906E00363F98 /* Debug */ = {
			isa = XCBuildConfiguration;
			buildSettings = {
				ALWAYS_EMBED_SWIFT_STANDARD_LIBRARIES = YES;
				CODE_SIGN_STYLE = Automatic;
				CURRENT_PROJECT_VERSION = 1;
				DEVELOPMENT_TEAM = MAL3SH348L;
				GENERATE_INFOPLIST_FILE = YES;
				LD_RUNPATH_SEARCH_PATHS = (
					"$(inherited)",
					"@executable_path/Frameworks",
					"@loader_path/Frameworks",
				);
				MARKETING_VERSION = 1.0;
				PRODUCT_BUNDLE_IDENTIFIER = JKE.RecycPalUITests;
				PRODUCT_NAME = "$(TARGET_NAME)";
				SWIFT_EMIT_LOC_STRINGS = NO;
				SWIFT_VERSION = 5.0;
				TARGETED_DEVICE_FAMILY = "1,2";
				TEST_TARGET_NAME = RecycPal;
			};
			name = Debug;
		};
		4C18B49B2792906E00363F98 /* Release */ = {
			isa = XCBuildConfiguration;
			buildSettings = {
				ALWAYS_EMBED_SWIFT_STANDARD_LIBRARIES = YES;
				CODE_SIGN_STYLE = Automatic;
				CURRENT_PROJECT_VERSION = 1;
				DEVELOPMENT_TEAM = MAL3SH348L;
				GENERATE_INFOPLIST_FILE = YES;
				LD_RUNPATH_SEARCH_PATHS = (
					"$(inherited)",
					"@executable_path/Frameworks",
					"@loader_path/Frameworks",
				);
				MARKETING_VERSION = 1.0;
				PRODUCT_BUNDLE_IDENTIFIER = JKE.RecycPalUITests;
				PRODUCT_NAME = "$(TARGET_NAME)";
				SWIFT_EMIT_LOC_STRINGS = NO;
				SWIFT_VERSION = 5.0;
				TARGETED_DEVICE_FAMILY = "1,2";
				TEST_TARGET_NAME = RecycPal;
			};
			name = Release;
		};
/* End XCBuildConfiguration section */

/* Begin XCConfigurationList section */
		4C18B4642792906C00363F98 /* Build configuration list for PBXProject "RecycPal" */ = {
			isa = XCConfigurationList;
			buildConfigurations = (
				4C18B4912792906E00363F98 /* Debug */,
				4C18B4922792906E00363F98 /* Release */,
			);
			defaultConfigurationIsVisible = 0;
			defaultConfigurationName = Release;
		};
		4C18B4932792906E00363F98 /* Build configuration list for PBXNativeTarget "RecycPal" */ = {
			isa = XCConfigurationList;
			buildConfigurations = (
				4C18B4942792906E00363F98 /* Debug */,
				4C18B4952792906E00363F98 /* Release */,
			);
			defaultConfigurationIsVisible = 0;
			defaultConfigurationName = Release;
		};
		4C18B4962792906E00363F98 /* Build configuration list for PBXNativeTarget "RecycPalTests" */ = {
			isa = XCConfigurationList;
			buildConfigurations = (
				4C18B4972792906E00363F98 /* Debug */,
				4C18B4982792906E00363F98 /* Release */,
			);
			defaultConfigurationIsVisible = 0;
			defaultConfigurationName = Release;
		};
		4C18B4992792906E00363F98 /* Build configuration list for PBXNativeTarget "RecycPalUITests" */ = {
			isa = XCConfigurationList;
			buildConfigurations = (
				4C18B49A2792906E00363F98 /* Debug */,
				4C18B49B2792906E00363F98 /* Release */,
			);
			defaultConfigurationIsVisible = 0;
			defaultConfigurationName = Release;
		};
/* End XCConfigurationList section */
	};
	rootObject = 4C18B4612792906C00363F98 /* Project object */;
}
